// !$*UTF8*$!
{
	archiveVersion = 1;
	classes = {
	};
	objectVersion = 50;
	objects = {

/* Begin PBXBuildFile section */
		530A6A4D20CC333000CD7991 /* AppDelegate.swift in Sources */ = {isa = PBXBuildFile; fileRef = 530A6A4C20CC333000CD7991 /* AppDelegate.swift */; };
		530A6A4F20CC333000CD7991 /* ViewController.swift in Sources */ = {isa = PBXBuildFile; fileRef = 530A6A4E20CC333000CD7991 /* ViewController.swift */; };
		530A6A5220CC333000CD7991 /* Main.storyboard in Resources */ = {isa = PBXBuildFile; fileRef = 530A6A5020CC333000CD7991 /* Main.storyboard */; };
		530A6A5420CC333300CD7991 /* Assets.xcassets in Resources */ = {isa = PBXBuildFile; fileRef = 530A6A5320CC333300CD7991 /* Assets.xcassets */; };
		530A6A5720CC333300CD7991 /* LaunchScreen.storyboard in Resources */ = {isa = PBXBuildFile; fileRef = 530A6A5520CC333300CD7991 /* LaunchScreen.storyboard */; };
		530A6A6220CC333300CD7991 /* StopWatchTests.swift in Sources */ = {isa = PBXBuildFile; fileRef = 530A6A6120CC333300CD7991 /* StopWatchTests.swift */; };
		530A6A6D20CC333300CD7991 /* StopWatchUITests.swift in Sources */ = {isa = PBXBuildFile; fileRef = 530A6A6C20CC333300CD7991 /* StopWatchUITests.swift */; };
/* End PBXBuildFile section */

/* Begin PBXContainerItemProxy section */
		530A6A5E20CC333300CD7991 /* PBXContainerItemProxy */ = {
			isa = PBXContainerItemProxy;
			containerPortal = 530A6A4120CC333000CD7991 /* Project object */;
			proxyType = 1;
			remoteGlobalIDString = 530A6A4820CC333000CD7991;
			remoteInfo = StopWatch;
		};
		530A6A6920CC333300CD7991 /* PBXContainerItemProxy */ = {
			isa = PBXContainerItemProxy;
			containerPortal = 530A6A4120CC333000CD7991 /* Project object */;
			proxyType = 1;
			remoteGlobalIDString = 530A6A4820CC333000CD7991;
			remoteInfo = StopWatch;
		};
/* End PBXContainerItemProxy section */

/* Begin PBXFileReference section */
		530A6A4920CC333000CD7991 /* StopWatch.app */ = {isa = PBXFileReference; explicitFileType = wrapper.application; includeInIndex = 0; path = StopWatch.app; sourceTree = BUILT_PRODUCTS_DIR; };
		530A6A4C20CC333000CD7991 /* AppDelegate.swift */ = {isa = PBXFileReference; lastKnownFileType = sourcecode.swift; path = AppDelegate.swift; sourceTree = "<group>"; };
		530A6A4E20CC333000CD7991 /* ViewController.swift */ = {isa = PBXFileReference; lastKnownFileType = sourcecode.swift; path = ViewController.swift; sourceTree = "<group>"; };
		530A6A5120CC333000CD7991 /* Base */ = {isa = PBXFileReference; lastKnownFileType = file.storyboard; name = Base; path = Base.lproj/Main.storyboard; sourceTree = "<group>"; };
		530A6A5320CC333300CD7991 /* Assets.xcassets */ = {isa = PBXFileReference; lastKnownFileType = folder.assetcatalog; path = Assets.xcassets; sourceTree = "<group>"; };
		530A6A5620CC333300CD7991 /* Base */ = {isa = PBXFileReference; lastKnownFileType = file.storyboard; name = Base; path = Base.lproj/LaunchScreen.storyboard; sourceTree = "<group>"; };
		530A6A5820CC333300CD7991 /* Info.plist */ = {isa = PBXFileReference; lastKnownFileType = text.plist.xml; path = Info.plist; sourceTree = "<group>"; };
		530A6A5D20CC333300CD7991 /* StopWatchTests.xctest */ = {isa = PBXFileReference; explicitFileType = wrapper.cfbundle; includeInIndex = 0; path = StopWatchTests.xctest; sourceTree = BUILT_PRODUCTS_DIR; };
		530A6A6120CC333300CD7991 /* StopWatchTests.swift */ = {isa = PBXFileReference; lastKnownFileType = sourcecode.swift; path = StopWatchTests.swift; sourceTree = "<group>"; };
		530A6A6320CC333300CD7991 /* Info.plist */ = {isa = PBXFileReference; lastKnownFileType = text.plist.xml; path = Info.plist; sourceTree = "<group>"; };
		530A6A6820CC333300CD7991 /* StopWatchUITests.xctest */ = {isa = PBXFileReference; explicitFileType = wrapper.cfbundle; includeInIndex = 0; path = StopWatchUITests.xctest; sourceTree = BUILT_PRODUCTS_DIR; };
		530A6A6C20CC333300CD7991 /* StopWatchUITests.swift */ = {isa = PBXFileReference; lastKnownFileType = sourcecode.swift; path = StopWatchUITests.swift; sourceTree = "<group>"; };
		530A6A6E20CC333300CD7991 /* Info.plist */ = {isa = PBXFileReference; lastKnownFileType = text.plist.xml; path = Info.plist; sourceTree = "<group>"; };
/* End PBXFileReference section */

/* Begin PBXFrameworksBuildPhase section */
		530A6A4620CC333000CD7991 /* Frameworks */ = {
			isa = PBXFrameworksBuildPhase;
			buildActionMask = 2147483647;
			files = (
			);
			runOnlyForDeploymentPostprocessing = 0;
		};
		530A6A5A20CC333300CD7991 /* Frameworks */ = {
			isa = PBXFrameworksBuildPhase;
			buildActionMask = 2147483647;
			files = (
			);
			runOnlyForDeploymentPostprocessing = 0;
		};
		530A6A6520CC333300CD7991 /* Frameworks */ = {
			isa = PBXFrameworksBuildPhase;
			buildActionMask = 2147483647;
			files = (
			);
			runOnlyForDeploymentPostprocessing = 0;
		};
/* End PBXFrameworksBuildPhase section */

/* Begin PBXGroup section */
		530A6A4020CC333000CD7991 = {
			isa = PBXGroup;
			children = (
				530A6A4B20CC333000CD7991 /* StopWatch */,
				530A6A6020CC333300CD7991 /* StopWatchTests */,
				530A6A6B20CC333300CD7991 /* StopWatchUITests */,
				530A6A4A20CC333000CD7991 /* Products */,
			);
			sourceTree = "<group>";
		};
		530A6A4A20CC333000CD7991 /* Products */ = {
			isa = PBXGroup;
			children = (
				530A6A4920CC333000CD7991 /* StopWatch.app */,
				530A6A5D20CC333300CD7991 /* StopWatchTests.xctest */,
				530A6A6820CC333300CD7991 /* StopWatchUITests.xctest */,
			);
			name = Products;
			sourceTree = "<group>";
		};
		530A6A4B20CC333000CD7991 /* StopWatch */ = {
			isa = PBXGroup;
			children = (
				530A6A4C20CC333000CD7991 /* AppDelegate.swift */,
				530A6A4E20CC333000CD7991 /* ViewController.swift */,
				530A6A5020CC333000CD7991 /* Main.storyboard */,
				530A6A5320CC333300CD7991 /* Assets.xcassets */,
				530A6A5520CC333300CD7991 /* LaunchScreen.storyboard */,
				530A6A5820CC333300CD7991 /* Info.plist */,
			);
			path = StopWatch;
			sourceTree = "<group>";
		};
		530A6A6020CC333300CD7991 /* StopWatchTests */ = {
			isa = PBXGroup;
			children = (
				530A6A6120CC333300CD7991 /* StopWatchTests.swift */,
				530A6A6320CC333300CD7991 /* Info.plist */,
			);
			path = StopWatchTests;
			sourceTree = "<group>";
		};
		530A6A6B20CC333300CD7991 /* StopWatchUITests */ = {
			isa = PBXGroup;
			children = (
				530A6A6C20CC333300CD7991 /* StopWatchUITests.swift */,
				530A6A6E20CC333300CD7991 /* Info.plist */,
			);
			path = StopWatchUITests;
			sourceTree = "<group>";
		};
/* End PBXGroup section */

/* Begin PBXNativeTarget section */
		530A6A4820CC333000CD7991 /* StopWatch */ = {
			isa = PBXNativeTarget;
			buildConfigurationList = 530A6A7120CC333300CD7991 /* Build configuration list for PBXNativeTarget "StopWatch" */;
			buildPhases = (
				530A6A4520CC333000CD7991 /* Sources */,
				530A6A4620CC333000CD7991 /* Frameworks */,
				530A6A4720CC333000CD7991 /* Resources */,
			);
			buildRules = (
			);
			dependencies = (
			);
			name = StopWatch;
			productName = StopWatch;
			productReference = 530A6A4920CC333000CD7991 /* StopWatch.app */;
			productType = "com.apple.product-type.application";
		};
		530A6A5C20CC333300CD7991 /* StopWatchTests */ = {
			isa = PBXNativeTarget;
			buildConfigurationList = 530A6A7420CC333300CD7991 /* Build configuration list for PBXNativeTarget "StopWatchTests" */;
			buildPhases = (
				530A6A5920CC333300CD7991 /* Sources */,
				530A6A5A20CC333300CD7991 /* Frameworks */,
				530A6A5B20CC333300CD7991 /* Resources */,
			);
			buildRules = (
			);
			dependencies = (
				530A6A5F20CC333300CD7991 /* PBXTargetDependency */,
			);
			name = StopWatchTests;
			productName = StopWatchTests;
			productReference = 530A6A5D20CC333300CD7991 /* StopWatchTests.xctest */;
			productType = "com.apple.product-type.bundle.unit-test";
		};
		530A6A6720CC333300CD7991 /* StopWatchUITests */ = {
			isa = PBXNativeTarget;
			buildConfigurationList = 530A6A7720CC333300CD7991 /* Build configuration list for PBXNativeTarget "StopWatchUITests" */;
			buildPhases = (
				530A6A6420CC333300CD7991 /* Sources */,
				530A6A6520CC333300CD7991 /* Frameworks */,
				530A6A6620CC333300CD7991 /* Resources */,
			);
			buildRules = (
			);
			dependencies = (
				530A6A6A20CC333300CD7991 /* PBXTargetDependency */,
			);
			name = StopWatchUITests;
			productName = StopWatchUITests;
			productReference = 530A6A6820CC333300CD7991 /* StopWatchUITests.xctest */;
			productType = "com.apple.product-type.bundle.ui-testing";
		};
/* End PBXNativeTarget section */

/* Begin PBXProject section */
		530A6A4120CC333000CD7991 /* Project object */ = {
			isa = PBXProject;
			attributes = {
				LastSwiftUpdateCheck = 0940;
				LastUpgradeCheck = 0940;
				ORGANIZATIONNAME = "中山弘瑛";
				TargetAttributes = {
					530A6A4820CC333000CD7991 = {
						CreatedOnToolsVersion = 9.4;
					};
					530A6A5C20CC333300CD7991 = {
						CreatedOnToolsVersion = 9.4;
						TestTargetID = 530A6A4820CC333000CD7991;
					};
					530A6A6720CC333300CD7991 = {
						CreatedOnToolsVersion = 9.4;
						TestTargetID = 530A6A4820CC333000CD7991;
					};
				};
			};
			buildConfigurationList = 530A6A4420CC333000CD7991 /* Build configuration list for PBXProject "StopWatch" */;
			compatibilityVersion = "Xcode 9.3";
			developmentRegion = en;
			hasScannedForEncodings = 0;
			knownRegions = (
				en,
				Base,
			);
			mainGroup = 530A6A4020CC333000CD7991;
			productRefGroup = 530A6A4A20CC333000CD7991 /* Products */;
			projectDirPath = "";
			projectRoot = "";
			targets = (
				530A6A4820CC333000CD7991 /* StopWatch */,
				530A6A5C20CC333300CD7991 /* StopWatchTests */,
				530A6A6720CC333300CD7991 /* StopWatchUITests */,
			);
		};
/* End PBXProject section */

/* Begin PBXResourcesBuildPhase section */
		530A6A4720CC333000CD7991 /* Resources */ = {
			isa = PBXResourcesBuildPhase;
			buildActionMask = 2147483647;
			files = (
				530A6A5720CC333300CD7991 /* LaunchScreen.storyboard in Resources */,
				530A6A5420CC333300CD7991 /* Assets.xcassets in Resources */,
				530A6A5220CC333000CD7991 /* Main.storyboard in Resources */,
			);
			runOnlyForDeploymentPostprocessing = 0;
		};
		530A6A5B20CC333300CD7991 /* Resources */ = {
			isa = PBXResourcesBuildPhase;
			buildActionMask = 2147483647;
			files = (
			);
			runOnlyForDeploymentPostprocessing = 0;
		};
		530A6A6620CC333300CD7991 /* Resources */ = {
			isa = PBXResourcesBuildPhase;
			buildActionMask = 2147483647;
			files = (
			);
			runOnlyForDeploymentPostprocessing = 0;
		};
/* End PBXResourcesBuildPhase section */

/* Begin PBXSourcesBuildPhase section */
		530A6A4520CC333000CD7991 /* Sources */ = {
			isa = PBXSourcesBuildPhase;
			buildActionMask = 2147483647;
			files = (
				530A6A4F20CC333000CD7991 /* ViewController.swift in Sources */,
				530A6A4D20CC333000CD7991 /* AppDelegate.swift in Sources */,
			);
			runOnlyForDeploymentPostprocessing = 0;
		};
		530A6A5920CC333300CD7991 /* Sources */ = {
			isa = PBXSourcesBuildPhase;
			buildActionMask = 2147483647;
			files = (
				530A6A6220CC333300CD7991 /* StopWatchTests.swift in Sources */,
			);
			runOnlyForDeploymentPostprocessing = 0;
		};
		530A6A6420CC333300CD7991 /* Sources */ = {
			isa = PBXSourcesBuildPhase;
			buildActionMask = 2147483647;
			files = (
				530A6A6D20CC333300CD7991 /* StopWatchUITests.swift in Sources */,
			);
			runOnlyForDeploymentPostprocessing = 0;
		};
/* End PBXSourcesBuildPhase section */

/* Begin PBXTargetDependency section */
		530A6A5F20CC333300CD7991 /* PBXTargetDependency */ = {
			isa = PBXTargetDependency;
			target = 530A6A4820CC333000CD7991 /* StopWatch */;
			targetProxy = 530A6A5E20CC333300CD7991 /* PBXContainerItemProxy */;
		};
		530A6A6A20CC333300CD7991 /* PBXTargetDependency */ = {
			isa = PBXTargetDependency;
			target = 530A6A4820CC333000CD7991 /* StopWatch */;
			targetProxy = 530A6A6920CC333300CD7991 /* PBXContainerItemProxy */;
		};
/* End PBXTargetDependency section */

/* Begin PBXVariantGroup section */
		530A6A5020CC333000CD7991 /* Main.storyboard */ = {
			isa = PBXVariantGroup;
			children = (
				530A6A5120CC333000CD7991 /* Base */,
			);
			name = Main.storyboard;
			sourceTree = "<group>";
		};
		530A6A5520CC333300CD7991 /* LaunchScreen.storyboard */ = {
			isa = PBXVariantGroup;
			children = (
				530A6A5620CC333300CD7991 /* Base */,
			);
			name = LaunchScreen.storyboard;
			sourceTree = "<group>";
		};
/* End PBXVariantGroup section */

/* Begin XCBuildConfiguration section */
		530A6A6F20CC333300CD7991 /* Debug */ = {
			isa = XCBuildConfiguration;
			buildSettings = {
				ALWAYS_SEARCH_USER_PATHS = NO;
				CLANG_ANALYZER_NONNULL = YES;
				CLANG_ANALYZER_NUMBER_OBJECT_CONVERSION = YES_AGGRESSIVE;
				CLANG_CXX_LANGUAGE_STANDARD = "gnu++14";
				CLANG_CXX_LIBRARY = "libc++";
				CLANG_ENABLE_MODULES = YES;
				CLANG_ENABLE_OBJC_ARC = YES;
				CLANG_ENABLE_OBJC_WEAK = YES;
				CLANG_WARN_BLOCK_CAPTURE_AUTORELEASING = YES;
				CLANG_WARN_BOOL_CONVERSION = YES;
				CLANG_WARN_COMMA = YES;
				CLANG_WARN_CONSTANT_CONVERSION = YES;
				CLANG_WARN_DEPRECATED_OBJC_IMPLEMENTATIONS = YES;
				CLANG_WARN_DIRECT_OBJC_ISA_USAGE = YES_ERROR;
				CLANG_WARN_DOCUMENTATION_COMMENTS = YES;
				CLANG_WARN_EMPTY_BODY = YES;
				CLANG_WARN_ENUM_CONVERSION = YES;
				CLANG_WARN_INFINITE_RECURSION = YES;
				CLANG_WARN_INT_CONVERSION = YES;
				CLANG_WARN_NON_LITERAL_NULL_CONVERSION = YES;
				CLANG_WARN_OBJC_IMPLICIT_RETAIN_SELF = YES;
				CLANG_WARN_OBJC_LITERAL_CONVERSION = YES;
				CLANG_WARN_OBJC_ROOT_CLASS = YES_ERROR;
				CLANG_WARN_RANGE_LOOP_ANALYSIS = YES;
				CLANG_WARN_STRICT_PROTOTYPES = YES;
				CLANG_WARN_SUSPICIOUS_MOVE = YES;
				CLANG_WARN_UNGUARDED_AVAILABILITY = YES_AGGRESSIVE;
				CLANG_WARN_UNREACHABLE_CODE = YES;
				CLANG_WARN__DUPLICATE_METHOD_MATCH = YES;
				CODE_SIGN_IDENTITY = "iPhone Developer";
				COPY_PHASE_STRIP = NO;
				DEBUG_INFORMATION_FORMAT = dwarf;
				ENABLE_STRICT_OBJC_MSGSEND = YES;
				ENABLE_TESTABILITY = YES;
				GCC_C_LANGUAGE_STANDARD = gnu11;
				GCC_DYNAMIC_NO_PIC = NO;
				GCC_NO_COMMON_BLOCKS = YES;
				GCC_OPTIMIZATION_LEVEL = 0;
				GCC_PREPROCESSOR_DEFINITIONS = (
					"DEBUG=1",
					"$(inherited)",
				);
				GCC_WARN_64_TO_32_BIT_CONVERSION = YES;
				GCC_WARN_ABOUT_RETURN_TYPE = YES_ERROR;
				GCC_WARN_UNDECLARED_SELECTOR = YES;
				GCC_WARN_UNINITIALIZED_AUTOS = YES_AGGRESSIVE;
				GCC_WARN_UNUSED_FUNCTION = YES;
				GCC_WARN_UNUSED_VARIABLE = YES;
				IPHONEOS_DEPLOYMENT_TARGET = 11.4;
				MTL_ENABLE_DEBUG_INFO = YES;
				ONLY_ACTIVE_ARCH = YES;
				SDKROOT = iphoneos;
				SWIFT_ACTIVE_COMPILATION_CONDITIONS = DEBUG;
				SWIFT_OPTIMIZATION_LEVEL = "-Onone";
			};
			name = Debug;
		};
		530A6A7020CC333300CD7991 /* Release */ = {
			isa = XCBuildConfiguration;
			buildSettings = {
				ALWAYS_SEARCH_USER_PATHS = NO;
				CLANG_ANALYZER_NONNULL = YES;
				CLANG_ANALYZER_NUMBER_OBJECT_CONVERSION = YES_AGGRESSIVE;
				CLANG_CXX_LANGUAGE_STANDARD = "gnu++14";
				CLANG_CXX_LIBRARY = "libc++";
				CLANG_ENABLE_MODULES = YES;
				CLANG_ENABLE_OBJC_ARC = YES;
				CLANG_ENABLE_OBJC_WEAK = YES;
				CLANG_WARN_BLOCK_CAPTURE_AUTORELEASING = YES;
				CLANG_WARN_BOOL_CONVERSION = YES;
				CLANG_WARN_COMMA = YES;
				CLANG_WARN_CONSTANT_CONVERSION = YES;
				CLANG_WARN_DEPRECATED_OBJC_IMPLEMENTATIONS = YES;
				CLANG_WARN_DIRECT_OBJC_ISA_USAGE = YES_ERROR;
				CLANG_WARN_DOCUMENTATION_COMMENTS = YES;
				CLANG_WARN_EMPTY_BODY = YES;
				CLANG_WARN_ENUM_CONVERSION = YES;
				CLANG_WARN_INFINITE_RECURSION = YES;
				CLANG_WARN_INT_CONVERSION = YES;
				CLANG_WARN_NON_LITERAL_NULL_CONVERSION = YES;
				CLANG_WARN_OBJC_IMPLICIT_RETAIN_SELF = YES;
				CLANG_WARN_OBJC_LITERAL_CONVERSION = YES;
				CLANG_WARN_OBJC_ROOT_CLASS = YES_ERROR;
				CLANG_WARN_RANGE_LOOP_ANALYSIS = YES;
				CLANG_WARN_STRICT_PROTOTYPES = YES;
				CLANG_WARN_SUSPICIOUS_MOVE = YES;
				CLANG_WARN_UNGUARDED_AVAILABILITY = YES_AGGRESSIVE;
				CLANG_WARN_UNREACHABLE_CODE = YES;
				CLANG_WARN__DUPLICATE_METHOD_MATCH = YES;
				CODE_SIGN_IDENTITY = "iPhone Developer";
				COPY_PHASE_STRIP = NO;
				DEBUG_INFORMATION_FORMAT = "dwarf-with-dsym";
				ENABLE_NS_ASSERTIONS = NO;
				ENABLE_STRICT_OBJC_MSGSEND = YES;
				GCC_C_LANGUAGE_STANDARD = gnu11;
				GCC_NO_COMMON_BLOCKS = YES;
				GCC_WARN_64_TO_32_BIT_CONVERSION = YES;
				GCC_WARN_ABOUT_RETURN_TYPE = YES_ERROR;
				GCC_WARN_UNDECLARED_SELECTOR = YES;
				GCC_WARN_UNINITIALIZED_AUTOS = YES_AGGRESSIVE;
				GCC_WARN_UNUSED_FUNCTION = YES;
				GCC_WARN_UNUSED_VARIABLE = YES;
				IPHONEOS_DEPLOYMENT_TARGET = 11.4;
				MTL_ENABLE_DEBUG_INFO = NO;
				SDKROOT = iphoneos;
				SWIFT_COMPILATION_MODE = wholemodule;
				SWIFT_OPTIMIZATION_LEVEL = "-O";
				VALIDATE_PRODUCT = YES;
			};
			name = Release;
		};
		530A6A7220CC333300CD7991 /* Debug */ = {
			isa = XCBuildConfiguration;
			buildSettings = {
				ASSETCATALOG_COMPILER_APPICON_NAME = AppIcon;
				CODE_SIGN_STYLE = Automatic;
				INFOPLIST_FILE = StopWatch/Info.plist;
				LD_RUNPATH_SEARCH_PATHS = (
					"$(inherited)",
					"@executable_path/Frameworks",
				);
				PRODUCT_BUNDLE_IDENTIFIER = com.litech.StopWatch;
				PRODUCT_NAME = "$(TARGET_NAME)";
				SWIFT_VERSION = 4.0;
				TARGETED_DEVICE_FAMILY = "1,2";
			};
			name = Debug;
		};
		530A6A7320CC333300CD7991 /* Release */ = {
			isa = XCBuildConfiguration;
			buildSettings = {
				ASSETCATALOG_COMPILER_APPICON_NAME = AppIcon;
				CODE_SIGN_STYLE = Automatic;
				INFOPLIST_FILE = StopWatch/Info.plist;
				LD_RUNPATH_SEARCH_PATHS = (
					"$(inherited)",
					"@executable_path/Frameworks",
				);
				PRODUCT_BUNDLE_IDENTIFIER = com.litech.StopWatch;
				PRODUCT_NAME = "$(TARGET_NAME)";
				SWIFT_VERSION = 4.0;
				TARGETED_DEVICE_FAMILY = "1,2";
			};
			name = Release;
		};
		530A6A7520CC333300CD7991 /* Debug */ = {
			isa = XCBuildConfiguration;
			buildSettings = {
				ALWAYS_EMBED_SWIFT_STANDARD_LIBRARIES = YES;
				BUNDLE_LOADER = "$(TEST_HOST)";
				CODE_SIGN_STYLE = Automatic;
				INFOPLIST_FILE = StopWatchTests/Info.plist;
				LD_RUNPATH_SEARCH_PATHS = (
					"$(inherited)",
					"@executable_path/Frameworks",
					"@loader_path/Frameworks",
				);
				PRODUCT_BUNDLE_IDENTIFIER = com.litech.StopWatchTests;
				PRODUCT_NAME = "$(TARGET_NAME)";
				SWIFT_VERSION = 4.0;
				TARGETED_DEVICE_FAMILY = "1,2";
				TEST_HOST = "$(BUILT_PRODUCTS_DIR)/StopWatch.app/StopWatch";
			};
			name = Debug;
		};
		530A6A7620CC333300CD7991 /* Release */ = {
			isa = XCBuildConfiguration;
			buildSettings = {
				ALWAYS_EMBED_SWIFT_STANDARD_LIBRARIES = YES;
				BUNDLE_LOADER = "$(TEST_HOST)";
				CODE_SIGN_STYLE = Automatic;
				INFOPLIST_FILE = StopWatchTests/Info.plist;
				LD_RUNPATH_SEARCH_PATHS = (
					"$(inherited)",
					"@executable_path/Frameworks",
					"@loader_path/Frameworks",
				);
				PRODUCT_BUNDLE_IDENTIFIER = com.litech.StopWatchTests;
				PRODUCT_NAME = "$(TARGET_NAME)";
				SWIFT_VERSION = 4.0;
				TARGETED_DEVICE_FAMILY = "1,2";
				TEST_HOST = "$(BUILT_PRODUCTS_DIR)/StopWatch.app/StopWatch";
			};
			name = Release;
		};
		530A6A7820CC333300CD7991 /* Debug */ = {
			isa = XCBuildConfiguration;
			buildSettings = {
				ALWAYS_EMBED_SWIFT_STANDARD_LIBRARIES = YES;
				CODE_SIGN_STYLE = Automatic;
				INFOPLIST_FILE = StopWatchUITests/Info.plist;
				LD_RUNPATH_SEARCH_PATHS = (
					"$(inherited)",
					"@executable_path/Frameworks",
					"@loader_path/Frameworks",
				);
				PRODUCT_BUNDLE_IDENTIFIER = com.litech.StopWatchUITests;
				PRODUCT_NAME = "$(TARGET_NAME)";
				SWIFT_VERSION = 4.0;
				TARGETED_DEVICE_FAMILY = "1,2";
				TEST_TARGET_NAME = StopWatch;
			};
			name = Debug;
		};
		530A6A7920CC333300CD7991 /* Release */ = {
			isa = XCBuildConfiguration;
			buildSettings = {
				ALWAYS_EMBED_SWIFT_STANDARD_LIBRARIES = YES;
				CODE_SIGN_STYLE = Automatic;
				INFOPLIST_FILE = StopWatchUITests/Info.plist;
				LD_RUNPATH_SEARCH_PATHS = (
					"$(inherited)",
					"@executable_path/Frameworks",
					"@loader_path/Frameworks",
				);
				PRODUCT_BUNDLE_IDENTIFIER = com.litech.StopWatchUITests;
				PRODUCT_NAME = "$(TARGET_NAME)";
				SWIFT_VERSION = 4.0;
				TARGETED_DEVICE_FAMILY = "1,2";
				TEST_TARGET_NAME = StopWatch;
			};
			name = Release;
		};
/* End XCBuildConfiguration section */

/* Begin XCConfigurationList section */
		530A6A4420CC333000CD7991 /* Build configuration list for PBXProject "StopWatch" */ = {
			isa = XCConfigurationList;
			buildConfigurations = (
				530A6A6F20CC333300CD7991 /* Debug */,
				530A6A7020CC333300CD7991 /* Release */,
			);
			defaultConfigurationIsVisible = 0;
			defaultConfigurationName = Release;
		};
		530A6A7120CC333300CD7991 /* Build configuration list for PBXNativeTarget "StopWatch" */ = {
			isa = XCConfigurationList;
			buildConfigurations = (
				530A6A7220CC333300CD7991 /* Debug */,
				530A6A7320CC333300CD7991 /* Release */,
			);
			defaultConfigurationIsVisible = 0;
			defaultConfigurationName = Release;
		};
		530A6A7420CC333300CD7991 /* Build configuration list for PBXNativeTarget "StopWatchTests" */ = {
			isa = XCConfigurationList;
			buildConfigurations = (
				530A6A7520CC333300CD7991 /* Debug */,
				530A6A7620CC333300CD7991 /* Release */,
			);
			defaultConfigurationIsVisible = 0;
			defaultConfigurationName = Release;
		};
		530A6A7720CC333300CD7991 /* Build configuration list for PBXNativeTarget "StopWatchUITests" */ = {
			isa = XCConfigurationList;
			buildConfigurations = (
				530A6A7820CC333300CD7991 /* Debug */,
				530A6A7920CC333300CD7991 /* Release */,
			);
			defaultConfigurationIsVisible = 0;
			defaultConfigurationName = Release;
		};
/* End XCConfigurationList section */
	};
	rootObject = 530A6A4120CC333000CD7991 /* Project object */;
}
